
Microsoft Visual Studio Solution File, Format Version 12.00
Project("{FAE04EC0-301F-11D3-BF4B-00C04F79EFBC}") = "Koronba", "Koronba.Web\Koronba.Web.csproj", "{D2FDEFCD-3640-44EB-ACA2-FBAE58553813}"
EndProject
Project("{FAE04EC0-301F-11D3-BF4B-00C04F79EFBC}") = "Koronba.Core", "Koronba.Core\Koronba.Core.csproj", "{92E5352D-11EC-497E-B94A-0ED031872C68}"
EndProject
Project("{FAE04EC0-301F-11D3-BF4B-00C04F79EFBC}") = "Koronba.External", "Koronba.External\Koronba.External.csproj", "{9E4B60B8-8D0D-4B97-89D2-DD9B61DEB65F}"
EndProject
Global
	GlobalSection(SolutionConfigurationPlatforms) = preSolution
		Debug|Any CPU = Debug|Any CPU
		Release|Any CPU = Release|Any CPU
	EndGlobalSection
	GlobalSection(ProjectConfigurationPlatforms) = postSolution
		{D2FDEFCD-3640-44EB-ACA2-FBAE58553813}.Debug|Any CPU.ActiveCfg = Debug|Any CPU
		{D2FDEFCD-3640-44EB-ACA2-FBAE58553813}.Debug|Any CPU.Build.0 = Debug|Any CPU
		{D2FDEFCD-3640-44EB-ACA2-FBAE58553813}.Release|Any CPU.ActiveCfg = Release|Any CPU
		{D2FDEFCD-3640-44EB-ACA2-FBAE58553813}.Release|Any CPU.Build.0 = Release|Any CPU
		{92E5352D-11EC-497E-B94A-0ED031872C68}.Debug|Any CPU.ActiveCfg = Debug|Any CPU
		{92E5352D-11EC-497E-B94A-0ED031872C68}.Debug|Any CPU.Build.0 = Debug|Any CPU
		{92E5352D-11EC-497E-B94A-0ED031872C68}.Release|Any CPU.ActiveCfg = Release|Any CPU
		{92E5352D-11EC-497E-B94A-0ED031872C68}.Release|Any CPU.Build.0 = Release|Any CPU
		{9E4B60B8-8D0D-4B97-89D2-DD9B61DEB65F}.Debug|Any CPU.ActiveCfg = Debug|Any CPU
		{9E4B60B8-8D0D-4B97-89D2-DD9B61DEB65F}.Debug|Any CPU.Build.0 = Debug|Any CPU
		{9E4B60B8-8D0D-4B97-89D2-DD9B61DEB65F}.Release|Any CPU.ActiveCfg = Release|Any CPU
		{9E4B60B8-8D0D-4B97-89D2-DD9B61DEB65F}.Release|Any CPU.Build.0 = Release|Any CPU
	EndGlobalSection
EndGlobal
